// !$*UTF8*$!
{
	archiveVersion = 1;
	classes = {
	};
	objectVersion = 56;
	objects = {

/* Begin PBXBuildFile section */
		E50ADB942B599BDE009EA7AF /* FixedPoint.swift in Sources */ = {isa = PBXBuildFile; fileRef = E50ADB932B599BDE009EA7AF /* FixedPoint.swift */; };
		E50ADB952B599BDE009EA7AF /* FixedPoint.swift in Sources */ = {isa = PBXBuildFile; fileRef = E50ADB932B599BDE009EA7AF /* FixedPoint.swift */; };
		E50ADB972B599CDE009EA7AF /* ContentView.swift in Sources */ = {isa = PBXBuildFile; fileRef = E59CDF6F2B42C0E500D7BB7B /* ContentView.swift */; };
		E50ADB982B599CE1009EA7AF /* QuickDrawViewerApp.swift in Sources */ = {isa = PBXBuildFile; fileRef = E59CDF6B2B42C0E500D7BB7B /* QuickDrawViewerApp.swift */; };
		E50ADB992B599CE3009EA7AF /* QuickDrawViewerDocument.swift in Sources */ = {isa = PBXBuildFile; fileRef = E59CDF6D2B42C0E500D7BB7B /* QuickDrawViewerDocument.swift */; };
		E55E05F72B61A74A00EA1AD8 /* RoadPizza.swift in Sources */ = {isa = PBXBuildFile; fileRef = E55E05F62B61A74A00EA1AD8 /* RoadPizza.swift */; };
		E55E05F82B61A74A00EA1AD8 /* RoadPizza.swift in Sources */ = {isa = PBXBuildFile; fileRef = E55E05F62B61A74A00EA1AD8 /* RoadPizza.swift */; };
		E55E05FA2B63D6A600EA1AD8 /* Credits.rtf in Resources */ = {isa = PBXBuildFile; fileRef = E55E05F92B63D6A600EA1AD8 /* Credits.rtf */; };
		E59CDF6C2B42C0E500D7BB7B /* QuickDrawViewerApp.swift in Sources */ = {isa = PBXBuildFile; fileRef = E59CDF6B2B42C0E500D7BB7B /* QuickDrawViewerApp.swift */; };
		E59CDF6E2B42C0E500D7BB7B /* QuickDrawViewerDocument.swift in Sources */ = {isa = PBXBuildFile; fileRef = E59CDF6D2B42C0E500D7BB7B /* QuickDrawViewerDocument.swift */; };
		E59CDF702B42C0E500D7BB7B /* ContentView.swift in Sources */ = {isa = PBXBuildFile; fileRef = E59CDF6F2B42C0E500D7BB7B /* ContentView.swift */; };
		E59CDF722B42C0E600D7BB7B /* Assets.xcassets in Resources */ = {isa = PBXBuildFile; fileRef = E59CDF712B42C0E600D7BB7B /* Assets.xcassets */; };
		E59CDF752B42C0E600D7BB7B /* Preview Assets.xcassets in Resources */ = {isa = PBXBuildFile; fileRef = E59CDF742B42C0E600D7BB7B /* Preview Assets.xcassets */; };
		E59CDF812B42C0E600D7BB7B /* QuickDrawViewerTests.swift in Sources */ = {isa = PBXBuildFile; fileRef = E59CDF802B42C0E600D7BB7B /* QuickDrawViewerTests.swift */; };
		E59CDFAD2B42EE0A00D7BB7B /* QuickDrawOpcodes.swift in Sources */ = {isa = PBXBuildFile; fileRef = E59CDFA72B42EE0A00D7BB7B /* QuickDrawOpcodes.swift */; };
		E59CDFAE2B42EE0A00D7BB7B /* QuickDrawOpcodes.swift in Sources */ = {isa = PBXBuildFile; fileRef = E59CDFA72B42EE0A00D7BB7B /* QuickDrawOpcodes.swift */; };
		E59CDFAF2B42EE0A00D7BB7B /* PackBit.swift in Sources */ = {isa = PBXBuildFile; fileRef = E59CDFA82B42EE0A00D7BB7B /* PackBit.swift */; };
		E59CDFB02B42EE0A00D7BB7B /* PackBit.swift in Sources */ = {isa = PBXBuildFile; fileRef = E59CDFA82B42EE0A00D7BB7B /* PackBit.swift */; };
		E59CDFB12B42EE0A00D7BB7B /* QuickDrawReader.swift in Sources */ = {isa = PBXBuildFile; fileRef = E59CDFA92B42EE0A00D7BB7B /* QuickDrawReader.swift */; };
		E59CDFB22B42EE0A00D7BB7B /* QuickDrawReader.swift in Sources */ = {isa = PBXBuildFile; fileRef = E59CDFA92B42EE0A00D7BB7B /* QuickDrawReader.swift */; };
		E59CDFB32B42EE0A00D7BB7B /* QuickDrawTypes.swift in Sources */ = {isa = PBXBuildFile; fileRef = E59CDFAA2B42EE0A00D7BB7B /* QuickDrawTypes.swift */; };
		E59CDFB42B42EE0A00D7BB7B /* QuickDrawTypes.swift in Sources */ = {isa = PBXBuildFile; fileRef = E59CDFAA2B42EE0A00D7BB7B /* QuickDrawTypes.swift */; };
		E59CDFB52B42EE0A00D7BB7B /* QuickDrawRender.swift in Sources */ = {isa = PBXBuildFile; fileRef = E59CDFAB2B42EE0A00D7BB7B /* QuickDrawRender.swift */; };
		E59CDFB62B42EE0A00D7BB7B /* QuickDrawRender.swift in Sources */ = {isa = PBXBuildFile; fileRef = E59CDFAB2B42EE0A00D7BB7B /* QuickDrawRender.swift */; };
		E5CDA0242B441536008DC6D6 /* QuickDrawErrors.swift in Sources */ = {isa = PBXBuildFile; fileRef = E5CDA0232B441536008DC6D6 /* QuickDrawErrors.swift */; };
		E5CDA0252B441536008DC6D6 /* QuickDrawErrors.swift in Sources */ = {isa = PBXBuildFile; fileRef = E5CDA0232B441536008DC6D6 /* QuickDrawErrors.swift */; };
		E5CDA0272B44155E008DC6D6 /* QuickDrawParser.swift in Sources */ = {isa = PBXBuildFile; fileRef = E5CDA0262B44155E008DC6D6 /* QuickDrawParser.swift */; };
		E5CDA0282B44155E008DC6D6 /* QuickDrawParser.swift in Sources */ = {isa = PBXBuildFile; fileRef = E5CDA0262B44155E008DC6D6 /* QuickDrawParser.swift */; };
		E5CDA02D2B4450FB008DC6D6 /* ImageWrapper.swift in Sources */ = {isa = PBXBuildFile; fileRef = E5CDA02C2B4450FB008DC6D6 /* ImageWrapper.swift */; };
		E5CDA02E2B4450FB008DC6D6 /* ImageWrapper.swift in Sources */ = {isa = PBXBuildFile; fileRef = E5CDA02C2B4450FB008DC6D6 /* ImageWrapper.swift */; };
/* End PBXBuildFile section */

/* Begin PBXContainerItemProxy section */
		E59CDF7D2B42C0E600D7BB7B /* PBXContainerItemProxy */ = {
			isa = PBXContainerItemProxy;
			containerPortal = E59CDF602B42C0E500D7BB7B /* Project object */;
			proxyType = 1;
			remoteGlobalIDString = E59CDF672B42C0E500D7BB7B;
			remoteInfo = QuickDrawViewer;
		};
/* End PBXContainerItemProxy section */

/* Begin PBXFileReference section */
		E50ADB932B599BDE009EA7AF /* FixedPoint.swift */ = {isa = PBXFileReference; lastKnownFileType = sourcecode.swift; path = FixedPoint.swift; sourceTree = "<group>"; };
		E55E05F42B6193D200EA1AD8 /* README.md */ = {isa = PBXFileReference; lastKnownFileType = net.daringfireball.markdown; path = README.md; sourceTree = "<group>"; };
		E55E05F52B61943300EA1AD8 /* License.txt */ = {isa = PBXFileReference; lastKnownFileType = text; path = License.txt; sourceTree = "<group>"; };
		E55E05F62B61A74A00EA1AD8 /* RoadPizza.swift */ = {isa = PBXFileReference; lastKnownFileType = sourcecode.swift; path = RoadPizza.swift; sourceTree = "<group>"; };
		E55E05F92B63D6A600EA1AD8 /* Credits.rtf */ = {isa = PBXFileReference; lastKnownFileType = text.rtf; path = Credits.rtf; sourceTree = "<group>"; };
		E59CDF682B42C0E500D7BB7B /* QuickDrawViewer.app */ = {isa = PBXFileReference; explicitFileType = wrapper.application; includeInIndex = 0; path = QuickDrawViewer.app; sourceTree = BUILT_PRODUCTS_DIR; };
		E59CDF6B2B42C0E500D7BB7B /* QuickDrawViewerApp.swift */ = {isa = PBXFileReference; lastKnownFileType = sourcecode.swift; path = QuickDrawViewerApp.swift; sourceTree = "<group>"; };
		E59CDF6D2B42C0E500D7BB7B /* QuickDrawViewerDocument.swift */ = {isa = PBXFileReference; lastKnownFileType = sourcecode.swift; path = QuickDrawViewerDocument.swift; sourceTree = "<group>"; };
		E59CDF6F2B42C0E500D7BB7B /* ContentView.swift */ = {isa = PBXFileReference; lastKnownFileType = sourcecode.swift; path = ContentView.swift; sourceTree = "<group>"; };
		E59CDF712B42C0E600D7BB7B /* Assets.xcassets */ = {isa = PBXFileReference; lastKnownFileType = folder.assetcatalog; path = Assets.xcassets; sourceTree = "<group>"; };
		E59CDF742B42C0E600D7BB7B /* Preview Assets.xcassets */ = {isa = PBXFileReference; lastKnownFileType = folder.assetcatalog; path = "Preview Assets.xcassets"; sourceTree = "<group>"; };
		E59CDF762B42C0E600D7BB7B /* Info.plist */ = {isa = PBXFileReference; lastKnownFileType = text.plist.xml; path = Info.plist; sourceTree = "<group>"; };
		E59CDF772B42C0E600D7BB7B /* QuickDrawViewer.entitlements */ = {isa = PBXFileReference; lastKnownFileType = text.plist.entitlements; path = QuickDrawViewer.entitlements; sourceTree = "<group>"; };
		E59CDF7C2B42C0E600D7BB7B /* QuickDrawViewerTests.xctest */ = {isa = PBXFileReference; explicitFileType = wrapper.cfbundle; includeInIndex = 0; path = QuickDrawViewerTests.xctest; sourceTree = BUILT_PRODUCTS_DIR; };
		E59CDF802B42C0E600D7BB7B /* QuickDrawViewerTests.swift */ = {isa = PBXFileReference; lastKnownFileType = sourcecode.swift; path = QuickDrawViewerTests.swift; sourceTree = "<group>"; };
		E59CDFA72B42EE0A00D7BB7B /* QuickDrawOpcodes.swift */ = {isa = PBXFileReference; fileEncoding = 4; lastKnownFileType = sourcecode.swift; path = QuickDrawOpcodes.swift; sourceTree = "<group>"; };
		E59CDFA82B42EE0A00D7BB7B /* PackBit.swift */ = {isa = PBXFileReference; fileEncoding = 4; lastKnownFileType = sourcecode.swift; path = PackBit.swift; sourceTree = "<group>"; };
		E59CDFA92B42EE0A00D7BB7B /* QuickDrawReader.swift */ = {isa = PBXFileReference; fileEncoding = 4; lastKnownFileType = sourcecode.swift; path = QuickDrawReader.swift; sourceTree = "<group>"; };
		E59CDFAA2B42EE0A00D7BB7B /* QuickDrawTypes.swift */ = {isa = PBXFileReference; fileEncoding = 4; lastKnownFileType = sourcecode.swift; path = QuickDrawTypes.swift; sourceTree = "<group>"; };
		E59CDFAB2B42EE0A00D7BB7B /* QuickDrawRender.swift */ = {isa = PBXFileReference; fileEncoding = 4; lastKnownFileType = sourcecode.swift; path = QuickDrawRender.swift; sourceTree = "<group>"; };
		E5CDA0232B441536008DC6D6 /* QuickDrawErrors.swift */ = {isa = PBXFileReference; lastKnownFileType = sourcecode.swift; path = QuickDrawErrors.swift; sourceTree = "<group>"; };
		E5CDA0262B44155E008DC6D6 /* QuickDrawParser.swift */ = {isa = PBXFileReference; lastKnownFileType = sourcecode.swift; path = QuickDrawParser.swift; sourceTree = "<group>"; };
		E5CDA02C2B4450FB008DC6D6 /* ImageWrapper.swift */ = {isa = PBXFileReference; lastKnownFileType = sourcecode.swift; path = ImageWrapper.swift; sourceTree = "<group>"; };
/* End PBXFileReference section */

/* Begin PBXFrameworksBuildPhase section */
		E59CDF652B42C0E500D7BB7B /* Frameworks */ = {
			isa = PBXFrameworksBuildPhase;
			buildActionMask = 2147483647;
			files = (
			);
			runOnlyForDeploymentPostprocessing = 0;
		};
		E59CDF792B42C0E600D7BB7B /* Frameworks */ = {
			isa = PBXFrameworksBuildPhase;
			buildActionMask = 2147483647;
			files = (
			);
			runOnlyForDeploymentPostprocessing = 0;
		};
/* End PBXFrameworksBuildPhase section */

/* Begin PBXGroup section */
		E50ADB962B599CCE009EA7AF /* UI */ = {
			isa = PBXGroup;
			children = (
				E5CDA02C2B4450FB008DC6D6 /* ImageWrapper.swift */,
				E59CDF6F2B42C0E500D7BB7B /* ContentView.swift */,
				E59CDF6B2B42C0E500D7BB7B /* QuickDrawViewerApp.swift */,
				E59CDF6D2B42C0E500D7BB7B /* QuickDrawViewerDocument.swift */,
			);
			path = UI;
			sourceTree = "<group>";
		};
		E59CDF5F2B42C0E500D7BB7B = {
			isa = PBXGroup;
			children = (
				E55E05F52B61943300EA1AD8 /* License.txt */,
				E55E05F42B6193D200EA1AD8 /* README.md */,
				E59CDF6A2B42C0E500D7BB7B /* QuickDrawViewer */,
				E59CDF7F2B42C0E600D7BB7B /* QuickDrawViewerTests */,
				E59CDF692B42C0E500D7BB7B /* Products */,
			);
			sourceTree = "<group>";
		};
		E59CDF692B42C0E500D7BB7B /* Products */ = {
			isa = PBXGroup;
			children = (
				E59CDF682B42C0E500D7BB7B /* QuickDrawViewer.app */,
				E59CDF7C2B42C0E600D7BB7B /* QuickDrawViewerTests.xctest */,
			);
			name = Products;
			sourceTree = "<group>";
		};
		E59CDF6A2B42C0E500D7BB7B /* QuickDrawViewer */ = {
			isa = PBXGroup;
			children = (
				E50ADB962B599CCE009EA7AF /* UI */,
				E50ADB932B599BDE009EA7AF /* FixedPoint.swift */,
				E59CDFA82B42EE0A00D7BB7B /* PackBit.swift */,
				E59CDFAA2B42EE0A00D7BB7B /* QuickDrawTypes.swift */,
				E5CDA0262B44155E008DC6D6 /* QuickDrawParser.swift */,
				E5CDA0232B441536008DC6D6 /* QuickDrawErrors.swift */,
				E59CDFA72B42EE0A00D7BB7B /* QuickDrawOpcodes.swift */,
				E59CDFA92B42EE0A00D7BB7B /* QuickDrawReader.swift */,
				E59CDFAB2B42EE0A00D7BB7B /* QuickDrawRender.swift */,
				E55E05F62B61A74A00EA1AD8 /* RoadPizza.swift */,
				E59CDF712B42C0E600D7BB7B /* Assets.xcassets */,
				E59CDF762B42C0E600D7BB7B /* Info.plist */,
				E59CDF772B42C0E600D7BB7B /* QuickDrawViewer.entitlements */,
				E59CDF732B42C0E600D7BB7B /* Preview Content */,
				E55E05F92B63D6A600EA1AD8 /* Credits.rtf */,
			);
			path = QuickDrawViewer;
			sourceTree = "<group>";
		};
		E59CDF732B42C0E600D7BB7B /* Preview Content */ = {
			isa = PBXGroup;
			children = (
				E59CDF742B42C0E600D7BB7B /* Preview Assets.xcassets */,
			);
			path = "Preview Content";
			sourceTree = "<group>";
		};
		E59CDF7F2B42C0E600D7BB7B /* QuickDrawViewerTests */ = {
			isa = PBXGroup;
			children = (
				E59CDF802B42C0E600D7BB7B /* QuickDrawViewerTests.swift */,
			);
			path = QuickDrawViewerTests;
			sourceTree = "<group>";
		};
/* End PBXGroup section */

/* Begin PBXNativeTarget section */
		E59CDF672B42C0E500D7BB7B /* QuickDrawViewer */ = {
			isa = PBXNativeTarget;
			buildConfigurationList = E59CDF902B42C0E600D7BB7B /* Build configuration list for PBXNativeTarget "QuickDrawViewer" */;
			buildPhases = (
				E59CDF642B42C0E500D7BB7B /* Sources */,
				E59CDF652B42C0E500D7BB7B /* Frameworks */,
				E59CDF662B42C0E500D7BB7B /* Resources */,
			);
			buildRules = (
			);
			dependencies = (
			);
			name = QuickDrawViewer;
			productName = QuickDrawViewer;
			productReference = E59CDF682B42C0E500D7BB7B /* QuickDrawViewer.app */;
			productType = "com.apple.product-type.application";
		};
		E59CDF7B2B42C0E600D7BB7B /* QuickDrawViewerTests */ = {
			isa = PBXNativeTarget;
			buildConfigurationList = E59CDF932B42C0E600D7BB7B /* Build configuration list for PBXNativeTarget "QuickDrawViewerTests" */;
			buildPhases = (
				E59CDF782B42C0E600D7BB7B /* Sources */,
				E59CDF792B42C0E600D7BB7B /* Frameworks */,
				E59CDF7A2B42C0E600D7BB7B /* Resources */,
			);
			buildRules = (
			);
			dependencies = (
				E59CDF7E2B42C0E600D7BB7B /* PBXTargetDependency */,
			);
			name = QuickDrawViewerTests;
			productName = QuickDrawViewerTests;
			productReference = E59CDF7C2B42C0E600D7BB7B /* QuickDrawViewerTests.xctest */;
			productType = "com.apple.product-type.bundle.unit-test";
		};
/* End PBXNativeTarget section */

/* Begin PBXProject section */
		E59CDF602B42C0E500D7BB7B /* Project object */ = {
			isa = PBXProject;
			attributes = {
				BuildIndependentTargetsInParallel = 1;
				LastSwiftUpdateCheck = 1510;
				LastUpgradeCheck = 1520;
				TargetAttributes = {
					E59CDF672B42C0E500D7BB7B = {
						CreatedOnToolsVersion = 15.1;
					};
					E59CDF7B2B42C0E600D7BB7B = {
						CreatedOnToolsVersion = 15.1;
						TestTargetID = E59CDF672B42C0E500D7BB7B;
					};
				};
			};
			buildConfigurationList = E59CDF632B42C0E500D7BB7B /* Build configuration list for PBXProject "QuickDrawViewer" */;
			compatibilityVersion = "Xcode 14.0";
			developmentRegion = en;
			hasScannedForEncodings = 0;
			knownRegions = (
				en,
				Base,
			);
			mainGroup = E59CDF5F2B42C0E500D7BB7B;
			productRefGroup = E59CDF692B42C0E500D7BB7B /* Products */;
			projectDirPath = "";
			projectRoot = "";
			targets = (
				E59CDF672B42C0E500D7BB7B /* QuickDrawViewer */,
				E59CDF7B2B42C0E600D7BB7B /* QuickDrawViewerTests */,
			);
		};
/* End PBXProject section */

/* Begin PBXResourcesBuildPhase section */
		E59CDF662B42C0E500D7BB7B /* Resources */ = {
			isa = PBXResourcesBuildPhase;
			buildActionMask = 2147483647;
			files = (
				E59CDF752B42C0E600D7BB7B /* Preview Assets.xcassets in Resources */,
				E55E05FA2B63D6A600EA1AD8 /* Credits.rtf in Resources */,
				E59CDF722B42C0E600D7BB7B /* Assets.xcassets in Resources */,
			);
			runOnlyForDeploymentPostprocessing = 0;
		};
		E59CDF7A2B42C0E600D7BB7B /* Resources */ = {
			isa = PBXResourcesBuildPhase;
			buildActionMask = 2147483647;
			files = (
			);
			runOnlyForDeploymentPostprocessing = 0;
		};
/* End PBXResourcesBuildPhase section */

/* Begin PBXSourcesBuildPhase section */
		E59CDF642B42C0E500D7BB7B /* Sources */ = {
			isa = PBXSourcesBuildPhase;
			buildActionMask = 2147483647;
			files = (
				E5CDA0272B44155E008DC6D6 /* QuickDrawParser.swift in Sources */,
				E59CDFAF2B42EE0A00D7BB7B /* PackBit.swift in Sources */,
				E55E05F72B61A74A00EA1AD8 /* RoadPizza.swift in Sources */,
				E5CDA02D2B4450FB008DC6D6 /* ImageWrapper.swift in Sources */,
				E59CDF6E2B42C0E500D7BB7B /* QuickDrawViewerDocument.swift in Sources */,
				E59CDFB32B42EE0A00D7BB7B /* QuickDrawTypes.swift in Sources */,
				E50ADB942B599BDE009EA7AF /* FixedPoint.swift in Sources */,
				E59CDFB52B42EE0A00D7BB7B /* QuickDrawRender.swift in Sources */,
				E59CDFB12B42EE0A00D7BB7B /* QuickDrawReader.swift in Sources */,
				E5CDA0242B441536008DC6D6 /* QuickDrawErrors.swift in Sources */,
				E59CDFAD2B42EE0A00D7BB7B /* QuickDrawOpcodes.swift in Sources */,
				E59CDF6C2B42C0E500D7BB7B /* QuickDrawViewerApp.swift in Sources */,
				E59CDF702B42C0E500D7BB7B /* ContentView.swift in Sources */,
			);
			runOnlyForDeploymentPostprocessing = 0;
		};
		E59CDF782B42C0E600D7BB7B /* Sources */ = {
			isa = PBXSourcesBuildPhase;
			buildActionMask = 2147483647;
			files = (
				E5CDA0252B441536008DC6D6 /* QuickDrawErrors.swift in Sources */,
				E50ADB972B599CDE009EA7AF /* ContentView.swift in Sources */,
				E59CDF812B42C0E600D7BB7B /* QuickDrawViewerTests.swift in Sources */,
				E59CDFB02B42EE0A00D7BB7B /* PackBit.swift in Sources */,
				E59CDFB42B42EE0A00D7BB7B /* QuickDrawTypes.swift in Sources */,
				E50ADB992B599CE3009EA7AF /* QuickDrawViewerDocument.swift in Sources */,
				E50ADB982B599CE1009EA7AF /* QuickDrawViewerApp.swift in Sources */,
				E5CDA02E2B4450FB008DC6D6 /* ImageWrapper.swift in Sources */,
				E59CDFB62B42EE0A00D7BB7B /* QuickDrawRender.swift in Sources */,
				E59CDFB22B42EE0A00D7BB7B /* QuickDrawReader.swift in Sources */,
				E5CDA0282B44155E008DC6D6 /* QuickDrawParser.swift in Sources */,
				E59CDFAE2B42EE0A00D7BB7B /* QuickDrawOpcodes.swift in Sources */,
				E55E05F82B61A74A00EA1AD8 /* RoadPizza.swift in Sources */,
				E50ADB952B599BDE009EA7AF /* FixedPoint.swift in Sources */,
			);
			runOnlyForDeploymentPostprocessing = 0;
		};
/* End PBXSourcesBuildPhase section */

/* Begin PBXTargetDependency section */
		E59CDF7E2B42C0E600D7BB7B /* PBXTargetDependency */ = {
			isa = PBXTargetDependency;
			target = E59CDF672B42C0E500D7BB7B /* QuickDrawViewer */;
			targetProxy = E59CDF7D2B42C0E600D7BB7B /* PBXContainerItemProxy */;
		};
/* End PBXTargetDependency section */

/* Begin XCBuildConfiguration section */
		E59CDF8E2B42C0E600D7BB7B /* Debug */ = {
			isa = XCBuildConfiguration;
			buildSettings = {
				ALWAYS_SEARCH_USER_PATHS = NO;
				ASSETCATALOG_COMPILER_GENERATE_SWIFT_ASSET_SYMBOL_EXTENSIONS = YES;
				CLANG_ANALYZER_NONNULL = YES;
				CLANG_ANALYZER_NUMBER_OBJECT_CONVERSION = YES_AGGRESSIVE;
				CLANG_CXX_LANGUAGE_STANDARD = "gnu++20";
				CLANG_ENABLE_MODULES = YES;
				CLANG_ENABLE_OBJC_ARC = YES;
				CLANG_ENABLE_OBJC_WEAK = YES;
				CLANG_WARN_BLOCK_CAPTURE_AUTORELEASING = YES;
				CLANG_WARN_BOOL_CONVERSION = YES;
				CLANG_WARN_COMMA = YES;
				CLANG_WARN_CONSTANT_CONVERSION = YES;
				CLANG_WARN_DEPRECATED_OBJC_IMPLEMENTATIONS = YES;
				CLANG_WARN_DIRECT_OBJC_ISA_USAGE = YES_ERROR;
				CLANG_WARN_DOCUMENTATION_COMMENTS = YES;
				CLANG_WARN_EMPTY_BODY = YES;
				CLANG_WARN_ENUM_CONVERSION = YES;
				CLANG_WARN_INFINITE_RECURSION = YES;
				CLANG_WARN_INT_CONVERSION = YES;
				CLANG_WARN_NON_LITERAL_NULL_CONVERSION = YES;
				CLANG_WARN_OBJC_IMPLICIT_RETAIN_SELF = YES;
				CLANG_WARN_OBJC_LITERAL_CONVERSION = YES;
				CLANG_WARN_OBJC_ROOT_CLASS = YES_ERROR;
				CLANG_WARN_QUOTED_INCLUDE_IN_FRAMEWORK_HEADER = YES;
				CLANG_WARN_RANGE_LOOP_ANALYSIS = YES;
				CLANG_WARN_STRICT_PROTOTYPES = YES;
				CLANG_WARN_SUSPICIOUS_MOVE = YES;
				CLANG_WARN_UNGUARDED_AVAILABILITY = YES_AGGRESSIVE;
				CLANG_WARN_UNREACHABLE_CODE = YES;
				CLANG_WARN__DUPLICATE_METHOD_MATCH = YES;
				CODE_SIGN_IDENTITY = "-";
				COPY_PHASE_STRIP = NO;
				DEAD_CODE_STRIPPING = YES;
				DEBUG_INFORMATION_FORMAT = dwarf;
				DEVELOPMENT_TEAM = 3ZZ49ZPVNF;
				ENABLE_STRICT_OBJC_MSGSEND = YES;
				ENABLE_TESTABILITY = YES;
				ENABLE_USER_SCRIPT_SANDBOXING = YES;
				GCC_C_LANGUAGE_STANDARD = gnu17;
				GCC_DYNAMIC_NO_PIC = NO;
				GCC_NO_COMMON_BLOCKS = YES;
				GCC_OPTIMIZATION_LEVEL = 0;
				GCC_PREPROCESSOR_DEFINITIONS = (
					"DEBUG=1",
					"$(inherited)",
				);
				GCC_WARN_64_TO_32_BIT_CONVERSION = YES;
				GCC_WARN_ABOUT_RETURN_TYPE = YES_ERROR;
				GCC_WARN_UNDECLARED_SELECTOR = YES;
				GCC_WARN_UNINITIALIZED_AUTOS = YES_AGGRESSIVE;
				GCC_WARN_UNUSED_FUNCTION = YES;
				GCC_WARN_UNUSED_VARIABLE = YES;
				LOCALIZATION_PREFERS_STRING_CATALOGS = YES;
				MACOSX_DEPLOYMENT_TARGET = 14.2;
				MTL_ENABLE_DEBUG_INFO = INCLUDE_SOURCE;
				MTL_FAST_MATH = YES;
				ONLY_ACTIVE_ARCH = YES;
				SDKROOT = macosx;
				SWIFT_ACTIVE_COMPILATION_CONDITIONS = "DEBUG $(inherited)";
				SWIFT_OPTIMIZATION_LEVEL = "-Onone";
			};
			name = Debug;
		};
		E59CDF8F2B42C0E600D7BB7B /* Release */ = {
			isa = XCBuildConfiguration;
			buildSettings = {
				ALWAYS_SEARCH_USER_PATHS = NO;
				ASSETCATALOG_COMPILER_GENERATE_SWIFT_ASSET_SYMBOL_EXTENSIONS = YES;
				CLANG_ANALYZER_NONNULL = YES;
				CLANG_ANALYZER_NUMBER_OBJECT_CONVERSION = YES_AGGRESSIVE;
				CLANG_CXX_LANGUAGE_STANDARD = "gnu++20";
				CLANG_ENABLE_MODULES = YES;
				CLANG_ENABLE_OBJC_ARC = YES;
				CLANG_ENABLE_OBJC_WEAK = YES;
				CLANG_WARN_BLOCK_CAPTURE_AUTORELEASING = YES;
				CLANG_WARN_BOOL_CONVERSION = YES;
				CLANG_WARN_COMMA = YES;
				CLANG_WARN_CONSTANT_CONVERSION = YES;
				CLANG_WARN_DEPRECATED_OBJC_IMPLEMENTATIONS = YES;
				CLANG_WARN_DIRECT_OBJC_ISA_USAGE = YES_ERROR;
				CLANG_WARN_DOCUMENTATION_COMMENTS = YES;
				CLANG_WARN_EMPTY_BODY = YES;
				CLANG_WARN_ENUM_CONVERSION = YES;
				CLANG_WARN_INFINITE_RECURSION = YES;
				CLANG_WARN_INT_CONVERSION = YES;
				CLANG_WARN_NON_LITERAL_NULL_CONVERSION = YES;
				CLANG_WARN_OBJC_IMPLICIT_RETAIN_SELF = YES;
				CLANG_WARN_OBJC_LITERAL_CONVERSION = YES;
				CLANG_WARN_OBJC_ROOT_CLASS = YES_ERROR;
				CLANG_WARN_QUOTED_INCLUDE_IN_FRAMEWORK_HEADER = YES;
				CLANG_WARN_RANGE_LOOP_ANALYSIS = YES;
				CLANG_WARN_STRICT_PROTOTYPES = YES;
				CLANG_WARN_SUSPICIOUS_MOVE = YES;
				CLANG_WARN_UNGUARDED_AVAILABILITY = YES_AGGRESSIVE;
				CLANG_WARN_UNREACHABLE_CODE = YES;
				CLANG_WARN__DUPLICATE_METHOD_MATCH = YES;
				CODE_SIGN_IDENTITY = "-";
				COPY_PHASE_STRIP = NO;
				DEAD_CODE_STRIPPING = YES;
				DEBUG_INFORMATION_FORMAT = "dwarf-with-dsym";
				DEVELOPMENT_TEAM = 3ZZ49ZPVNF;
				ENABLE_NS_ASSERTIONS = NO;
				ENABLE_STRICT_OBJC_MSGSEND = YES;
				ENABLE_USER_SCRIPT_SANDBOXING = YES;
				GCC_C_LANGUAGE_STANDARD = gnu17;
				GCC_NO_COMMON_BLOCKS = YES;
				GCC_WARN_64_TO_32_BIT_CONVERSION = YES;
				GCC_WARN_ABOUT_RETURN_TYPE = YES_ERROR;
				GCC_WARN_UNDECLARED_SELECTOR = YES;
				GCC_WARN_UNINITIALIZED_AUTOS = YES_AGGRESSIVE;
				GCC_WARN_UNUSED_FUNCTION = YES;
				GCC_WARN_UNUSED_VARIABLE = YES;
				LOCALIZATION_PREFERS_STRING_CATALOGS = YES;
				MACOSX_DEPLOYMENT_TARGET = 14.2;
				MTL_ENABLE_DEBUG_INFO = NO;
				MTL_FAST_MATH = YES;
				SDKROOT = macosx;
				SWIFT_COMPILATION_MODE = wholemodule;
			};
			name = Release;
		};
		E59CDF912B42C0E600D7BB7B /* Debug */ = {
			isa = XCBuildConfiguration;
			buildSettings = {
				ASSETCATALOG_COMPILER_APPICON_NAME = AppIcon;
				ASSETCATALOG_COMPILER_GLOBAL_ACCENT_COLOR_NAME = AccentColor;
				CODE_SIGN_ENTITLEMENTS = QuickDrawViewer/QuickDrawViewer.entitlements;
				CODE_SIGN_IDENTITY = "Apple Development";
				"CODE_SIGN_IDENTITY[sdk=macosx*]" = "-";
				CODE_SIGN_STYLE = Automatic;
				COMBINE_HIDPI_IMAGES = YES;
				CURRENT_PROJECT_VERSION = 1;
				DEAD_CODE_STRIPPING = YES;
				DEVELOPMENT_ASSET_PATHS = "\"QuickDrawViewer/Preview Content\"";
				DEVELOPMENT_TEAM = 3ZZ49ZPVNF;
				ENABLE_HARDENED_RUNTIME = YES;
				ENABLE_PREVIEWS = YES;
				GENERATE_INFOPLIST_FILE = YES;
				INFOPLIST_FILE = QuickDrawViewer/Info.plist;
				INFOPLIST_KEY_NSHumanReadableCopyright = "";
				LD_RUNPATH_SEARCH_PATHS = (
					"$(inherited)",
					"@executable_path/../Frameworks",
				);
				MARKETING_VERSION = 1.0;
				PRODUCT_BUNDLE_IDENTIFIER = net.codiferes.wiesmann.QuickDrawViewer;
				PRODUCT_NAME = "$(TARGET_NAME)";
				PROVISIONING_PROFILE_SPECIFIER = "";
				SWIFT_EMIT_LOC_STRINGS = YES;
				SWIFT_VERSION = 5.0;
			};
			name = Debug;
		};
		E59CDF922B42C0E600D7BB7B /* Release */ = {
			isa = XCBuildConfiguration;
			buildSettings = {
				ASSETCATALOG_COMPILER_APPICON_NAME = AppIcon;
				ASSETCATALOG_COMPILER_GLOBAL_ACCENT_COLOR_NAME = AccentColor;
				CODE_SIGN_ENTITLEMENTS = QuickDrawViewer/QuickDrawViewer.entitlements;
				CODE_SIGN_IDENTITY = "Apple Development";
				"CODE_SIGN_IDENTITY[sdk=macosx*]" = "-";
				CODE_SIGN_STYLE = Automatic;
				COMBINE_HIDPI_IMAGES = YES;
				CURRENT_PROJECT_VERSION = 1;
				DEAD_CODE_STRIPPING = YES;
				DEVELOPMENT_ASSET_PATHS = "\"QuickDrawViewer/Preview Content\"";
				DEVELOPMENT_TEAM = 3ZZ49ZPVNF;
				ENABLE_HARDENED_RUNTIME = YES;
				ENABLE_PREVIEWS = YES;
				GENERATE_INFOPLIST_FILE = YES;
				INFOPLIST_FILE = QuickDrawViewer/Info.plist;
				INFOPLIST_KEY_NSHumanReadableCopyright = "";
				LD_RUNPATH_SEARCH_PATHS = (
					"$(inherited)",
					"@executable_path/../Frameworks",
				);
				MARKETING_VERSION = 1.0;
				PRODUCT_BUNDLE_IDENTIFIER = net.codiferes.wiesmann.QuickDrawViewer;
				PRODUCT_NAME = "$(TARGET_NAME)";
				PROVISIONING_PROFILE_SPECIFIER = "";
				SWIFT_EMIT_LOC_STRINGS = YES;
				SWIFT_VERSION = 5.0;
			};
			name = Release;
		};
		E59CDF942B42C0E600D7BB7B /* Debug */ = {
			isa = XCBuildConfiguration;
			buildSettings = {
				ALWAYS_EMBED_SWIFT_STANDARD_LIBRARIES = YES;
				BUNDLE_LOADER = "$(TEST_HOST)";
				CODE_SIGN_STYLE = Manual;
				CURRENT_PROJECT_VERSION = 1;
				DEAD_CODE_STRIPPING = YES;
				DEVELOPMENT_TEAM = "";
				"DEVELOPMENT_TEAM[sdk=macosx*]" = 3ZZ49ZPVNF;
				GENERATE_INFOPLIST_FILE = YES;
				MACOSX_DEPLOYMENT_TARGET = 14.2;
				MARKETING_VERSION = 1.0;
				PRODUCT_BUNDLE_IDENTIFIER = net.codiferes.wiesmann.QuickDrawViewerTests;
				PRODUCT_NAME = "$(TARGET_NAME)";
				PROVISIONING_PROFILE_SPECIFIER = "";
				SWIFT_EMIT_LOC_STRINGS = NO;
				SWIFT_VERSION = 5.0;
				TEST_HOST = "$(BUILT_PRODUCTS_DIR)/QuickDrawViewer.app/$(BUNDLE_EXECUTABLE_FOLDER_PATH)/QuickDrawViewer";
			};
			name = Debug;
		};
		E59CDF952B42C0E600D7BB7B /* Release */ = {
			isa = XCBuildConfiguration;
			buildSettings = {
				ALWAYS_EMBED_SWIFT_STANDARD_LIBRARIES = YES;
				BUNDLE_LOADER = "$(TEST_HOST)";
				CODE_SIGN_STYLE = Manual;
				CURRENT_PROJECT_VERSION = 1;
				DEAD_CODE_STRIPPING = YES;
				DEVELOPMENT_TEAM = "";
				"DEVELOPMENT_TEAM[sdk=macosx*]" = 3ZZ49ZPVNF;
				GENERATE_INFOPLIST_FILE = YES;
				MACOSX_DEPLOYMENT_TARGET = 14.2;
				MARKETING_VERSION = 1.0;
				PRODUCT_BUNDLE_IDENTIFIER = net.codiferes.wiesmann.QuickDrawViewerTests;
				PRODUCT_NAME = "$(TARGET_NAME)";
				PROVISIONING_PROFILE_SPECIFIER = "";
				SWIFT_EMIT_LOC_STRINGS = NO;
				SWIFT_VERSION = 5.0;
				TEST_HOST = "$(BUILT_PRODUCTS_DIR)/QuickDrawViewer.app/$(BUNDLE_EXECUTABLE_FOLDER_PATH)/QuickDrawViewer";
			};
			name = Release;
		};
/* End XCBuildConfiguration section */

/* Begin XCConfigurationList section */
		E59CDF632B42C0E500D7BB7B /* Build configuration list for PBXProject "QuickDrawViewer" */ = {
			isa = XCConfigurationList;
			buildConfigurations = (
				E59CDF8E2B42C0E600D7BB7B /* Debug */,
				E59CDF8F2B42C0E600D7BB7B /* Release */,
			);
			defaultConfigurationIsVisible = 0;
			defaultConfigurationName = Release;
		};
		E59CDF902B42C0E600D7BB7B /* Build configuration list for PBXNativeTarget "QuickDrawViewer" */ = {
			isa = XCConfigurationList;
			buildConfigurations = (
				E59CDF912B42C0E600D7BB7B /* Debug */,
				E59CDF922B42C0E600D7BB7B /* Release */,
			);
			defaultConfigurationIsVisible = 0;
			defaultConfigurationName = Release;
		};
		E59CDF932B42C0E600D7BB7B /* Build configuration list for PBXNativeTarget "QuickDrawViewerTests" */ = {
			isa = XCConfigurationList;
			buildConfigurations = (
				E59CDF942B42C0E600D7BB7B /* Debug */,
				E59CDF952B42C0E600D7BB7B /* Release */,
			);
			defaultConfigurationIsVisible = 0;
			defaultConfigurationName = Release;
		};
/* End XCConfigurationList section */
	};
	rootObject = E59CDF602B42C0E500D7BB7B /* Project object */;
}
